
Microsoft Visual Studio Solution File, Format Version 12.00
# Visual Studio Version 17
VisualStudioVersion = 17.8.34601.278
MinimumVisualStudioVersion = 10.0.40219.1
Project("{FAE04EC0-301F-11D3-BF4B-00C04F79EFBC}") = "MVLabsTask", "MVLabsTask\MVLabsTask.csproj", "{91FB6140-B8E3-4623-9338-2B4992E25A9B}"
EndProject
Global
	GlobalSection(SolutionConfigurationPlatforms) = preSolution
		Debug|Any CPU = Debug|Any CPU
		Release|Any CPU = Release|Any CPU
	EndGlobalSection
	GlobalSection(ProjectConfigurationPlatforms) = postSolution
		{91FB6140-B8E3-4623-9338-2B4992E25A9B}.Debug|Any CPU.ActiveCfg = Debug|Any CPU
		{91FB6140-B8E3-4623-9338-2B4992E25A9B}.Debug|Any CPU.Build.0 = Debug|Any CPU
		{91FB6140-B8E3-4623-9338-2B4992E25A9B}.Release|Any CPU.ActiveCfg = Release|Any CPU
		{91FB6140-B8E3-4623-9338-2B4992E25A9B}.Release|Any CPU.Build.0 = Release|Any CPU
	EndGlobalSection
	GlobalSection(SolutionProperties) = preSolution
		HideSolutionNode = FALSE
	EndGlobalSection
	GlobalSection(ExtensibilityGlobals) = postSolution
		SolutionGuid = {49E35CC8-60FC-4D2C-8E22-8D183A77701B}
	EndGlobalSection
EndGlobal
